
Microsoft Visual Studio Solution File, Format Version 12.00
# Visual Studio Version 17
VisualStudioVersion = 17.2.32505.173
MinimumVisualStudioVersion = 10.0.40219.1
Project("{FAE04EC0-301F-11D3-BF4B-00C04F79EFBC}") = "Borelli_TelecomandoTV", "Borelli_TelecomandoTV\Borelli_TelecomandoTV.csproj", "{BB37DD59-6392-4341-BF75-9C471DD0DD88}"
EndProject
Global
	GlobalSection(SolutionConfigurationPlatforms) = preSolution
		Debug|Any CPU = Debug|Any CPU
		Release|Any CPU = Release|Any CPU
	EndGlobalSection
	GlobalSection(ProjectConfigurationPlatforms) = postSolution
		{BB37DD59-6392-4341-BF75-9C471DD0DD88}.Debug|Any CPU.ActiveCfg = Debug|Any CPU
		{BB37DD59-6392-4341-BF75-9C471DD0DD88}.Debug|Any CPU.Build.0 = Debug|Any CPU
		{BB37DD59-6392-4341-BF75-9C471DD0DD88}.Release|Any CPU.ActiveCfg = Release|Any CPU
		{BB37DD59-6392-4341-BF75-9C471DD0DD88}.Release|Any CPU.Build.0 = Release|Any CPU
	EndGlobalSection
	GlobalSection(SolutionProperties) = preSolution
		HideSolutionNode = FALSE
	EndGlobalSection
	GlobalSection(ExtensibilityGlobals) = postSolution
		SolutionGuid = {8E6B4C9B-4D01-41AA-9EC9-11C48DEFF861}
	EndGlobalSection
EndGlobal
